Microsoft Visual Studio Solution File, Format Version 11.00
# Visual Studio 2008

Project("{32348628-7469-2CF9-5FAF-ED23A267ED3D}") = "Simple Multiplayer", "Assembly-CSharp-vs.csproj", "{0A9A43CC-6552-55CF-3647-A3271CF69562}"
EndProject
Global
	GlobalSection(SolutionConfigurationPlatforms) = preSolution
		Debug|Any CPU = Debug|Any CPU
		Release|Any CPU = Release|Any CPU
	EndGlobalSection
	GlobalSection(ProjectConfigurationPlatforms) = postSolution
		{0A9A43CC-6552-55CF-3647-A3271CF69562}.Debug|Any CPU.ActiveCfg = Debug|Any CPU
		{0A9A43CC-6552-55CF-3647-A3271CF69562}.Debug|Any CPU.Build.0 = Debug|Any CPU
		{0A9A43CC-6552-55CF-3647-A3271CF69562}.Release|Any CPU.ActiveCfg = Release|Any CPU
		{0A9A43CC-6552-55CF-3647-A3271CF69562}.Release|Any CPU.Build.0 = Release|Any CPU
	EndGlobalSection
	GlobalSection(SolutionProperties) = preSolution
		HideSolutionNode = FALSE
	EndGlobalSection
<<<<<<< HEAD
																					GlobalSection(MonoDevelopProperties) = preSolution
=======
<<<<<<< HEAD
											GlobalSection(MonoDevelopProperties) = preSolution
=======
																	GlobalSection(MonoDevelopProperties) = preSolution
>>>>>>> 8ff17facd6e62273b8e0f807eb63d17af1c2e7ec
>>>>>>> 6130a6c8973f21b2921af0a71fc68fe368a55ace
=======
																																							GlobalSection(MonoDevelopProperties) = preSolution
>>>>>>> 9e1f6ae044969286e39fbfde9c9f4efdab5176b5
		StartupItem = Assembly-CSharp.csproj
		Policies = $0
		$0.TextStylePolicy = $1
		$1.inheritsSet = null
		$1.scope = text/x-csharp
		$0.CSharpFormattingPolicy = $2
		$2.inheritsSet = Mono
		$2.inheritsScope = text/x-csharp
		$2.scope = text/x-csharp
		$0.TextStylePolicy = $3
		$3.FileWidth = 120
		$3.TabWidth = 4
		$3.EolMarker = Unix
		$3.inheritsSet = Mono
		$3.inheritsScope = text/plain
		$3.scope = text/plain
	EndGlobalSection

EndGlobal
